{
  "version": 4,
  "terraform_version": "1.13.0",
  "serial": 90,
  "lineage": "58f1baf2-c0f7-2957-e3f9-70d63ae3818a",
  "outputs": {
    "alb_external_ip": {
      "value": "158.160.198.181",
      "type": "string"
    },
    "alb_public_ip": {
      "value": "158.160.198.49",
      "type": "string"
    },
    "alb_url": {
      "value": "http://158.160.198.181/",
      "type": "string"
    },
    "ansible_inventory_path": {
      "value": "./../ansible/hosts.ini",
      "type": "string"
    },
    "bastion_public_ip": {
      "value": "46.21.244.132",
      "type": "string"
    },
    "kibana_url": {
      "value": "http://89.169.190.179:5601",
      "type": "string"
    },
    "zabbix_url": {
      "value": "http://89.169.136.222",
      "type": "string"
    }
  },
  "resources": [
    {
      "mode": "data",
      "type": "yandex_compute_image",
      "name": "ubuntu2204",
      "provider": "provider[\"registry.terraform.io/yandex-cloud/yandex\"]",
      "instances": [
        {
          "schema_version": 0,
          "attributes": {
            "created_at": "2025-09-08T11:06:42Z",
            "description": "Ubuntu 22.04 lts v20250905031228",
            "family": "ubuntu-2204-lts",
            "folder_id": "standard-images",
            "hardware_generation": [
              {
                "generation2_features": [],
                "legacy_features": [
                  {
                    "pci_topology": "PCI_TOPOLOGY_V2"
                  }
                ]
              }
            ],
            "id": "fd8nvbpghp8digarm8qr",
            "image_id": "fd8nvbpghp8digarm8qr",
            "kms_key_id": null,
            "labels": {
              "version": "20250905031228"
            },
            "min_disk_size": 8,
            "name": "ubuntu-22-04-lts-v20250908",
            "os_type": "linux",
            "pooled": true,
            "product_ids": [
              "f2e5k7q9tl1cns027gk7"
            ],
            "size": 3,
            "status": "ready"
          },
          "sensitive_attributes": [],
          "identity_schema_version": 0
        }
      ]
    },
    {
      "mode": "managed",
      "type": "local_file",
      "name": "ansible_inventory",
      "provider": "provider[\"registry.terraform.io/hashicorp/local\"]",
      "instances": [
        {
          "schema_version": 0,
          "attributes": {
            "content": "# Generated by Terraform\n[bastion]\nbastion.ru-central1.internal ansible_user=ubuntu ansible_host=bastion.ru-central1.internal\n\n[web]\nweb-a.ru-central1.internal ansible_user=ubuntu ansible_host=web-a.ru-central1.internal\nweb-b.ru-central1.internal ansible_user=ubuntu ansible_host=web-b.ru-central1.internal\n\n[zabbix]\nzabbix.ru-central1.internal ansible_user=ubuntu ansible_host=zabbix.ru-central1.internal\n\n[elasticsearch]\nelasticsearch.ru-central1.internal ansible_user=ubuntu ansible_host=elasticsearch.ru-central1.internal\n\n[kibana]\nkibana.ru-central1.internal ansible_user=ubuntu ansible_host=kibana.ru-central1.internal\n\n[all:vars]\nansible_ssh_common_args='-o ProxyCommand=\"ssh -W %h:%p -q ubuntu@46.21.244.132\"'\n",
            "content_base64": null,
            "content_base64sha256": "TPJPmPOHgq3q3+SNqk2aThN7T3tUaHMfTZKgBBE0sAA=",
            "content_base64sha512": "80k6dtsL1Jxb666yWmJZwpSICrILzzWmHW5YzFLZMRW2t7bmDVKdfjxD50hE9XkNpDwEsYQ88dxYooKkhZnsDw==",
            "content_md5": "d6d8da20552feda2ae8a29b7ba26cf24",
            "content_sha1": "850bed65277dd38fab943901682d435a5b4e7f24",
            "content_sha256": "4cf24f98f38782adeadfe48daa4d9a4e137b4f7b5468731f4d92a0041134b000",
            "content_sha512": "f3493a76db0bd49c5bebaeb25a6259c294880ab20bcf35a61d6e58cc52d93115b6b7b6e60d529d7e3c43e74844f5790da43c04b1843cf1dc58a282a48599ec0f",
            "directory_permission": "0777",
            "file_permission": "0777",
            "filename": "./../ansible/hosts.ini",
            "id": "850bed65277dd38fab943901682d435a5b4e7f24",
            "sensitive_content": null,
            "source": null
          },
          "sensitive_attributes": [
            [
              {
                "type": "get_attr",
                "value": "sensitive_content"
              }
            ]
          ],
          "identity_schema_version": 0,
          "dependencies": [
            "data.yandex_compute_image.ubuntu2204",
            "yandex_compute_instance.bastion",
            "yandex_compute_instance.elasticsearch",
            "yandex_compute_instance.kibana",
            "yandex_compute_instance.web_a",
            "yandex_compute_instance.web_b",
            "yandex_compute_instance.zabbix",
            "yandex_vpc_gateway.nat",
            "yandex_vpc_network.vpc",
            "yandex_vpc_route_table.private_rt",
            "yandex_vpc_security_group.bastion_sg",
            "yandex_vpc_security_group.es_sg",
            "yandex_vpc_security_group.kibana_sg",
            "yandex_vpc_security_group.web_sg",
            "yandex_vpc_security_group.zabbix_sg",
            "yandex_vpc_subnet.private_a",
            "yandex_vpc_subnet.private_b",
            "yandex_vpc_subnet.public_a",
            "yandex_vpc_subnet.public_b"
          ]
        }
      ]
    },
    {
      "mode": "managed",
      "type": "random_string",
      "name": "sfx",
      "provider": "provider[\"registry.terraform.io/hashicorp/random\"]",
      "instances": [
        {
          "schema_version": 2,
          "attributes": {
            "id": "3nnl6x",
            "keepers": null,
            "length": 6,
            "lower": true,
            "min_lower": 0,
            "min_numeric": 0,
            "min_special": 0,
            "min_upper": 0,
            "number": true,
            "numeric": true,
            "override_special": null,
            "result": "3nnl6x",
            "special": false,
            "upper": false
          },
          "sensitive_attributes": [],
          "identity_schema_version": 0
        }
      ]
    },
    {
      "mode": "managed",
      "type": "yandex_alb_backend_group",
      "name": "bg_web",
      "provider": "provider[\"registry.terraform.io/yandex-cloud/yandex\"]",
      "instances": [
        {
          "schema_version": 0,
          "attributes": {
            "created_at": "2025-09-07T12:42:04Z",
            "description": "",
            "folder_id": "b1g7915mu4cieqnspuet",
            "grpc_backend": [],
            "http_backend": [
              {
                "healthcheck": [
                  {
                    "grpc_healthcheck": [],
                    "healthcheck_port": 0,
                    "healthy_threshold": 0,
                    "http_healthcheck": [
                      {
                        "expected_statuses": [],
                        "host": "",
                        "http2": false,
                        "path": "/"
                      }
                    ],
                    "interval": "3s",
                    "interval_jitter_percent": 0,
                    "stream_healthcheck": [],
                    "timeout": "1s",
                    "unhealthy_threshold": 0
                  }
                ],
                "http2": false,
                "load_balancing_config": [],
                "name": "web80",
                "port": 80,
                "storage_bucket": "",
                "target_group_ids": [
                  "ds73d6p3bl7ss77jqq7g"
                ],
                "tls": [],
                "weight": 1
              }
            ],
            "id": "ds7dcjt0k5c71c3hq1j8",
            "labels": {},
            "name": "yc-diploma-bg-web-3nnl6x",
            "session_affinity": [],
            "stream_backend": [],
            "timeouts": null
          },
          "sensitive_attributes": [],
          "identity_schema_version": 0,
          "private": "eyJlMmJmYjczMC1lY2FhLTExZTYtOGY4OC0zNDM2M2JjN2M0YzAiOnsiY3JlYXRlIjozMDAwMDAwMDAwMDAsImRlbGV0ZSI6MzAwMDAwMDAwMDAwLCJ1cGRhdGUiOjMwMDAwMDAwMDAwMH19",
          "dependencies": [
            "data.yandex_compute_image.ubuntu2204",
            "random_string.sfx",
            "yandex_alb_target_group.tg_web",
            "yandex_compute_instance.web_a",
            "yandex_compute_instance.web_b",
            "yandex_vpc_gateway.nat",
            "yandex_vpc_network.vpc",
            "yandex_vpc_route_table.private_rt",
            "yandex_vpc_security_group.bastion_sg",
            "yandex_vpc_security_group.web_sg",
            "yandex_vpc_subnet.private_a",
            "yandex_vpc_subnet.private_b"
          ]
        }
      ]
    },
    {
      "mode": "managed",
      "type": "yandex_alb_backend_group",
      "name": "web_bg",
      "provider": "provider[\"registry.terraform.io/yandex-cloud/yandex\"]",
      "instances": [
        {
          "schema_version": 0,
          "attributes": {
            "created_at": "2025-09-14T12:06:10Z",
            "description": "",
            "folder_id": "b1g7915mu4cieqnspuet",
            "grpc_backend": [],
            "http_backend": [
              {
                "healthcheck": [
                  {
                    "grpc_healthcheck": [],
                    "healthcheck_port": 0,
                    "healthy_threshold": 2,
                    "http_healthcheck": [
                      {
                        "expected_statuses": null,
                        "host": "",
                        "http2": false,
                        "path": "/"
                      }
                    ],
                    "interval": "5s",
                    "interval_jitter_percent": 0,
                    "stream_healthcheck": [],
                    "timeout": "2s",
                    "unhealthy_threshold": 3
                  }
                ],
                "http2": false,
                "load_balancing_config": [
                  {
                    "locality_aware_routing_percent": 0,
                    "mode": "ROUND_ROBIN",
                    "panic_threshold": 50,
                    "strict_locality": false
                  }
                ],
                "name": "web-80",
                "port": 80,
                "storage_bucket": "",
                "target_group_ids": [
                  "ds7emkqlqp31po1u2igv"
                ],
                "tls": [],
                "weight": 1
              }
            ],
            "id": "ds7uqqp88e0erp39s2bl",
            "labels": null,
            "name": "yc-diploma-web-bg",
            "session_affinity": [],
            "stream_backend": [],
            "timeouts": null
          },
          "sensitive_attributes": [],
          "identity_schema_version": 0,
          "private": "eyJlMmJmYjczMC1lY2FhLTExZTYtOGY4OC0zNDM2M2JjN2M0YzAiOnsiY3JlYXRlIjozMDAwMDAwMDAwMDAsImRlbGV0ZSI6MzAwMDAwMDAwMDAwLCJ1cGRhdGUiOjMwMDAwMDAwMDAwMH19",
          "dependencies": [
            "data.yandex_compute_image.ubuntu2204",
            "yandex_alb_target_group.web_tg",
            "yandex_compute_instance.web_a",
            "yandex_compute_instance.web_b",
            "yandex_vpc_gateway.nat",
            "yandex_vpc_network.vpc",
            "yandex_vpc_route_table.private_rt",
            "yandex_vpc_security_group.bastion_sg",
            "yandex_vpc_security_group.web_sg",
            "yandex_vpc_subnet.private_a",
            "yandex_vpc_subnet.private_b"
          ]
        }
      ]
    },
    {
      "mode": "managed",
      "type": "yandex_alb_http_router",
      "name": "http_router",
      "provider": "provider[\"registry.terraform.io/yandex-cloud/yandex\"]",
      "instances": [
        {
          "schema_version": 0,
          "attributes": {
            "created_at": "2025-09-07T12:44:27Z",
            "description": "",
            "folder_id": "b1g7915mu4cieqnspuet",
            "id": "ds74t493l82pfi38gg70",
            "labels": {},
            "name": "yc-diploma-http-router-3nnl6x",
            "route_options": [],
            "timeouts": null
          },
          "sensitive_attributes": [],
          "identity_schema_version": 0,
          "private": "eyJlMmJmYjczMC1lY2FhLTExZTYtOGY4OC0zNDM2M2JjN2M0YzAiOnsiY3JlYXRlIjozMDAwMDAwMDAwMDAsImRlbGV0ZSI6MzAwMDAwMDAwMDAwLCJ1cGRhdGUiOjMwMDAwMDAwMDAwMH19",
          "dependencies": [
            "random_string.sfx"
          ]
        }
      ]
    },
    {
      "mode": "managed",
      "type": "yandex_alb_http_router",
      "name": "web_router",
      "provider": "provider[\"registry.terraform.io/yandex-cloud/yandex\"]",
      "instances": [
        {
          "schema_version": 0,
          "attributes": {
            "created_at": "2025-09-14T11:53:21Z",
            "description": "",
            "folder_id": "b1g7915mu4cieqnspuet",
            "id": "ds78ju6ua2ikedirdfmf",
            "labels": {},
            "name": "yc-diploma-web-router",
            "route_options": [],
            "timeouts": null
          },
          "sensitive_attributes": [],
          "identity_schema_version": 0,
          "private": "eyJlMmJmYjczMC1lY2FhLTExZTYtOGY4OC0zNDM2M2JjN2M0YzAiOnsiY3JlYXRlIjozMDAwMDAwMDAwMDAsImRlbGV0ZSI6MzAwMDAwMDAwMDAwLCJ1cGRhdGUiOjMwMDAwMDAwMDAwMH19"
        }
      ]
    },
    {
      "mode": "managed",
      "type": "yandex_alb_load_balancer",
      "name": "alb",
      "provider": "provider[\"registry.terraform.io/yandex-cloud/yandex\"]",
      "instances": [
        {
          "schema_version": 0,
          "attributes": {
            "allocation_policy": [
              {
                "location": [
                  {
                    "disable_traffic": false,
                    "subnet_id": "e2l48kpp6tmk86a3iv3b",
                    "zone_id": "ru-central1-b"
                  },
                  {
                    "disable_traffic": false,
                    "subnet_id": "e9bis1rro34ibkkdfaqm",
                    "zone_id": "ru-central1-a"
                  }
                ]
              }
            ],
            "allow_zonal_shift": false,
            "auto_scale_policy": [],
            "created_at": "2025-09-07T12:48:12Z",
            "description": "",
            "folder_id": "b1g7915mu4cieqnspuet",
            "id": "ds7s6sichvarva1lmv6h",
            "labels": {},
            "listener": [
              {
                "endpoint": [
                  {
                    "address": [
                      {
                        "external_ipv4_address": [
                          {
                            "address": "158.160.198.49"
                          }
                        ],
                        "external_ipv6_address": [],
                        "internal_ipv4_address": []
                      }
                    ],
                    "ports": [
                      80
                    ]
                  }
                ],
                "http": [
                  {
                    "handler": [
                      {
                        "allow_http10": false,
                        "http2_options": [],
                        "http_router_id": "ds74t493l82pfi38gg70",
                        "rewrite_request_id": false
                      }
                    ],
                    "redirects": []
                  }
                ],
                "name": "http",
                "stream": [],
                "tls": []
              }
            ],
            "log_group_id": "",
            "log_options": [],
            "name": "yc-diploma-alb-3nnl6x",
            "network_id": "enpqpd0iiejv66ps8luv",
            "region_id": "",
            "security_group_ids": [
              "enpmbl2rb11jk53gds0k"
            ],
            "status": "active",
            "timeouts": null
          },
          "sensitive_attributes": [],
          "identity_schema_version": 0,
          "private": "eyJlMmJmYjczMC1lY2FhLTExZTYtOGY4OC0zNDM2M2JjN2M0YzAiOnsiY3JlYXRlIjo2MDAwMDAwMDAwMDAsImRlbGV0ZSI6NjAwMDAwMDAwMDAwLCJ1cGRhdGUiOjYwMDAwMDAwMDAwMH19",
          "dependencies": [
            "random_string.sfx",
            "yandex_alb_http_router.http_router",
            "yandex_vpc_network.vpc",
            "yandex_vpc_security_group.alb_sg",
            "yandex_vpc_subnet.public_a",
            "yandex_vpc_subnet.public_b"
          ]
        }
      ]
    },
    {
      "mode": "managed",
      "type": "yandex_alb_load_balancer",
      "name": "web_alb",
      "provider": "provider[\"registry.terraform.io/yandex-cloud/yandex\"]",
      "instances": [
        {
          "schema_version": 0,
          "attributes": {
            "allocation_policy": [
              {
                "location": [
                  {
                    "disable_traffic": false,
                    "subnet_id": "e2l48kpp6tmk86a3iv3b",
                    "zone_id": "ru-central1-b"
                  },
                  {
                    "disable_traffic": false,
                    "subnet_id": "e9bis1rro34ibkkdfaqm",
                    "zone_id": "ru-central1-a"
                  }
                ]
              }
            ],
            "allow_zonal_shift": false,
            "auto_scale_policy": [],
            "created_at": "2025-09-14T11:53:21Z",
            "description": "",
            "folder_id": "b1g7915mu4cieqnspuet",
            "id": "ds7b2p35tsvuqlagcsmf",
            "labels": {},
            "listener": [
              {
                "endpoint": [
                  {
                    "address": [
                      {
                        "external_ipv4_address": [
                          {
                            "address": "158.160.198.181"
                          }
                        ],
                        "external_ipv6_address": [],
                        "internal_ipv4_address": []
                      }
                    ],
                    "ports": [
                      80
                    ]
                  }
                ],
                "http": [
                  {
                    "handler": [
                      {
                        "allow_http10": false,
                        "http2_options": [],
                        "http_router_id": "ds78ju6ua2ikedirdfmf",
                        "rewrite_request_id": false
                      }
                    ],
                    "redirects": []
                  }
                ],
                "name": "http-80",
                "stream": [],
                "tls": []
              }
            ],
            "log_group_id": "",
            "log_options": [],
            "name": "yc-diploma-web-alb",
            "network_id": "enpqpd0iiejv66ps8luv",
            "region_id": "",
            "security_group_ids": [
              "enpmbl2rb11jk53gds0k"
            ],
            "status": "active",
            "timeouts": null
          },
          "sensitive_attributes": [],
          "identity_schema_version": 0,
          "private": "eyJlMmJmYjczMC1lY2FhLTExZTYtOGY4OC0zNDM2M2JjN2M0YzAiOnsiY3JlYXRlIjo2MDAwMDAwMDAwMDAsImRlbGV0ZSI6NjAwMDAwMDAwMDAwLCJ1cGRhdGUiOjYwMDAwMDAwMDAwMH19",
          "dependencies": [
            "yandex_alb_http_router.web_router",
            "yandex_vpc_network.vpc",
            "yandex_vpc_security_group.alb_sg",
            "yandex_vpc_subnet.public_a",
            "yandex_vpc_subnet.public_b"
          ]
        }
      ]
    },
    {
      "mode": "managed",
      "type": "yandex_alb_target_group",
      "name": "tg_web",
      "provider": "provider[\"registry.terraform.io/yandex-cloud/yandex\"]",
      "instances": [
        {
          "schema_version": 0,
          "attributes": {
            "created_at": "2025-09-07T12:42:03Z",
            "description": "",
            "folder_id": "b1g7915mu4cieqnspuet",
            "id": "ds73d6p3bl7ss77jqq7g",
            "labels": {},
            "name": "yc-diploma-tg-web-3nnl6x",
            "target": [
              {
                "ip_address": "10.10.10.29",
                "private_ipv4_address": false,
                "subnet_id": "e9bc5v59b1ptl9jgugvh"
              },
              {
                "ip_address": "10.10.11.27",
                "private_ipv4_address": false,
                "subnet_id": "e2l5ku05on4074bus9fh"
              }
            ],
            "timeouts": null
          },
          "sensitive_attributes": [],
          "identity_schema_version": 0,
          "private": "eyJlMmJmYjczMC1lY2FhLTExZTYtOGY4OC0zNDM2M2JjN2M0YzAiOnsiY3JlYXRlIjozMDAwMDAwMDAwMDAsImRlbGV0ZSI6MzAwMDAwMDAwMDAwLCJ1cGRhdGUiOjMwMDAwMDAwMDAwMH19",
          "dependencies": [
            "data.yandex_compute_image.ubuntu2204",
            "random_string.sfx",
            "yandex_compute_instance.web_a",
            "yandex_compute_instance.web_b",
            "yandex_vpc_gateway.nat",
            "yandex_vpc_network.vpc",
            "yandex_vpc_route_table.private_rt",
            "yandex_vpc_security_group.bastion_sg",
            "yandex_vpc_security_group.web_sg",
            "yandex_vpc_subnet.private_a",
            "yandex_vpc_subnet.private_b"
          ]
        }
      ]
    },
    {
      "mode": "managed",
      "type": "yandex_alb_target_group",
      "name": "web_tg",
      "provider": "provider[\"registry.terraform.io/yandex-cloud/yandex\"]",
      "instances": [
        {
          "schema_version": 0,
          "attributes": {
            "created_at": "2025-09-14T12:06:10Z",
            "description": "",
            "folder_id": "b1g7915mu4cieqnspuet",
            "id": "ds7emkqlqp31po1u2igv",
            "labels": null,
            "name": "yc-diploma-web-tg",
            "target": [
              {
                "ip_address": "10.10.10.29",
                "private_ipv4_address": false,
                "subnet_id": "e9bc5v59b1ptl9jgugvh"
              },
              {
                "ip_address": "10.10.11.27",
                "private_ipv4_address": false,
                "subnet_id": "e2l5ku05on4074bus9fh"
              }
            ],
            "timeouts": null
          },
          "sensitive_attributes": [],
          "identity_schema_version": 0,
          "private": "eyJlMmJmYjczMC1lY2FhLTExZTYtOGY4OC0zNDM2M2JjN2M0YzAiOnsiY3JlYXRlIjozMDAwMDAwMDAwMDAsImRlbGV0ZSI6MzAwMDAwMDAwMDAwLCJ1cGRhdGUiOjMwMDAwMDAwMDAwMH19",
          "dependencies": [
            "data.yandex_compute_image.ubuntu2204",
            "yandex_compute_instance.web_a",
            "yandex_compute_instance.web_b",
            "yandex_vpc_gateway.nat",
            "yandex_vpc_network.vpc",
            "yandex_vpc_route_table.private_rt",
            "yandex_vpc_security_group.bastion_sg",
            "yandex_vpc_security_group.web_sg",
            "yandex_vpc_subnet.private_a",
            "yandex_vpc_subnet.private_b"
          ]
        }
      ]
    },
    {
      "mode": "managed",
      "type": "yandex_alb_virtual_host",
      "name": "vh_root",
      "provider": "provider[\"registry.terraform.io/yandex-cloud/yandex\"]",
      "instances": [
        {
          "schema_version": 0,
          "attributes": {
            "authority": [],
            "http_router_id": "ds74t493l82pfi38gg70",
            "id": "ds74t493l82pfi38gg70/root-3nnl6x",
            "modify_request_headers": [],
            "modify_response_headers": [],
            "name": "root-3nnl6x",
            "rate_limit": [],
            "route": [
              {
                "disable_security_profile": false,
                "grpc_route": [],
                "http_route": [
                  {
                    "direct_response_action": [],
                    "http_match": [],
                    "http_route_action": [
                      {
                        "auto_host_rewrite": false,
                        "backend_group_id": "ds7dcjt0k5c71c3hq1j8",
                        "host_rewrite": "",
                        "idle_timeout": "",
                        "prefix_rewrite": "",
                        "rate_limit": [],
                        "regex_rewrite": [],
                        "timeout": "",
                        "upgrade_types": []
                      }
                    ],
                    "redirect_action": []
                  }
                ],
                "name": "root",
                "route_options": []
              }
            ],
            "route_options": [],
            "timeouts": null
          },
          "sensitive_attributes": [],
          "identity_schema_version": 0,
          "private": "eyJlMmJmYjczMC1lY2FhLTExZTYtOGY4OC0zNDM2M2JjN2M0YzAiOnsiY3JlYXRlIjozMDAwMDAwMDAwMDAsImRlbGV0ZSI6MzAwMDAwMDAwMDAwLCJ1cGRhdGUiOjMwMDAwMDAwMDAwMH19",
          "dependencies": [
            "data.yandex_compute_image.ubuntu2204",
            "random_string.sfx",
            "yandex_alb_backend_group.bg_web",
            "yandex_alb_http_router.http_router",
            "yandex_alb_target_group.tg_web",
            "yandex_compute_instance.web_a",
            "yandex_compute_instance.web_b",
            "yandex_vpc_gateway.nat",
            "yandex_vpc_network.vpc",
            "yandex_vpc_route_table.private_rt",
            "yandex_vpc_security_group.bastion_sg",
            "yandex_vpc_security_group.web_sg",
            "yandex_vpc_subnet.private_a",
            "yandex_vpc_subnet.private_b"
          ]
        }
      ]
    },
    {
      "mode": "managed",
      "type": "yandex_alb_virtual_host",
      "name": "web_vhost",
      "provider": "provider[\"registry.terraform.io/yandex-cloud/yandex\"]",
      "instances": [
        {
          "schema_version": 0,
          "attributes": {
            "authority": null,
            "http_router_id": "ds78ju6ua2ikedirdfmf",
            "id": "ds78ju6ua2ikedirdfmf/yc-diploma-web-vhost",
            "modify_request_headers": [],
            "modify_response_headers": [],
            "name": "yc-diploma-web-vhost",
            "rate_limit": [],
            "route": [
              {
                "disable_security_profile": false,
                "grpc_route": [],
                "http_route": [
                  {
                    "direct_response_action": [],
                    "http_match": [],
                    "http_route_action": [
                      {
                        "auto_host_rewrite": false,
                        "backend_group_id": "ds7uqqp88e0erp39s2bl",
                        "host_rewrite": "",
                        "idle_timeout": "",
                        "prefix_rewrite": "",
                        "rate_limit": [],
                        "regex_rewrite": [],
                        "timeout": "",
                        "upgrade_types": null
                      }
                    ],
                    "redirect_action": []
                  }
                ],
                "name": "all-to-web",
                "route_options": []
              }
            ],
            "route_options": [],
            "timeouts": null
          },
          "sensitive_attributes": [],
          "identity_schema_version": 0,
          "private": "eyJlMmJmYjczMC1lY2FhLTExZTYtOGY4OC0zNDM2M2JjN2M0YzAiOnsiY3JlYXRlIjozMDAwMDAwMDAwMDAsImRlbGV0ZSI6MzAwMDAwMDAwMDAwLCJ1cGRhdGUiOjMwMDAwMDAwMDAwMH19",
          "dependencies": [
            "data.yandex_compute_image.ubuntu2204",
            "yandex_alb_backend_group.web_bg",
            "yandex_alb_http_router.web_router",
            "yandex_alb_target_group.web_tg",
            "yandex_compute_instance.web_a",
            "yandex_compute_instance.web_b",
            "yandex_vpc_gateway.nat",
            "yandex_vpc_network.vpc",
            "yandex_vpc_route_table.private_rt",
            "yandex_vpc_security_group.bastion_sg",
            "yandex_vpc_security_group.web_sg",
            "yandex_vpc_subnet.private_a",
            "yandex_vpc_subnet.private_b"
          ]
        }
      ]
    },
    {
      "mode": "managed",
      "type": "yandex_compute_instance",
      "name": "bastion",
      "provider": "provider[\"registry.terraform.io/yandex-cloud/yandex\"]",
      "instances": [
        {
          "schema_version": 1,
          "attributes": {
            "allow_recreate": null,
            "allow_stopping_for_update": null,
            "boot_disk": [
              {
                "auto_delete": true,
                "device_name": "fhm1mrmlpgkle0ae5gp3",
                "disk_id": "fhm1mrmlpgkle0ae5gp3",
                "initialize_params": [
                  {
                    "block_size": 4096,
                    "description": "",
                    "image_id": "fd8nvbpghp8digarm8qr",
                    "kms_key_id": "",
                    "name": "",
                    "size": 10,
                    "snapshot_id": "",
                    "type": "network-hdd"
                  }
                ],
                "mode": "READ_WRITE"
              }
            ],
            "created_at": "2025-09-08T11:45:44Z",
            "description": "",
            "filesystem": [],
            "folder_id": "b1g7915mu4cieqnspuet",
            "fqdn": "bastion.ru-central1.internal",
            "gpu_cluster_id": "",
            "hardware_generation": [
              {
                "generation2_features": [],
                "legacy_features": [
                  {
                    "pci_topology": "PCI_TOPOLOGY_V2"
                  }
                ]
              }
            ],
            "hostname": "bastion",
            "id": "fhm3dm78k7avodvaimqs",
            "labels": {
              "project": "yc-diploma"
            },
            "local_disk": [],
            "maintenance_grace_period": "",
            "maintenance_policy": null,
            "metadata": {
              "ssh-keys": "ubuntu:ssh-rsa AAAAB3NzaC1yc2EAAAADAQABAAABgQDfmIMd4uPnSNo3ko62MiCxW5UZQ//IX+DOU7WQXp4o62GINr+EgHE+IFwzh7L2nda4Ff8w8ad9DIGLK8Wb1OR062wMDgYHH1EbqVU9hirTYaJfwrIobmoCU+4dzymCXrv/3gs5sNWM3QFDXtmp8KR9etBp1rRneQDfjAwYttKjjXBXcptggjyxonZeCdvf/dE2YydaPXBBsR0+jGMzXa8hZLcM+jPFxs42+Z2sQlfY0KgMTeOD03cXqC5zSblb+ltpl86k/4XBJhdVlCxX0Ho5SaunMwOVoTp0lvBzOmPNS/a49/r2kx8mtz7Vchbb/WwroB486tchCKHevOjYVXVnqfZKtLPZPUMTFMzoXDux8k4hRuEqZidO7/emyojonb/ELP+sjI273ZWU8Yh9zMV3IRboLB/dWfaliHsG1AoERTbEyZA2FilnIZayiYCem0o+My/7hHJS3bmI02dJdmk7mMZjAcH44kax0P9Fh7TjA4T2xLEl27juH79DSw+f+Rc= postegre@postegre-OptiPlex",
              "user-data": "#cloud-config\npackage_update: true\npackages:\n  - python3\n  - python3-pip\n  - git\n  - ansible\nusers:\n  - name: ubuntu\n    sudo: ALL=(ALL) NOPASSWD:ALL\n    groups: sudo\n    shell: /bin/bash\n    ssh_authorized_keys:\n      - ssh-rsa AAAAB3NzaC1yc2EAAAADAQABAAABgQDfmIMd4uPnSNo3ko62MiCxW5UZQ//IX+DOU7WQXp4o62GINr+EgHE+IFwzh7L2nda4Ff8w8ad9DIGLK8Wb1OR062wMDgYHH1EbqVU9hirTYaJfwrIobmoCU+4dzymCXrv/3gs5sNWM3QFDXtmp8KR9etBp1rRneQDfjAwYttKjjXBXcptggjyxonZeCdvf/dE2YydaPXBBsR0+jGMzXa8hZLcM+jPFxs42+Z2sQlfY0KgMTeOD03cXqC5zSblb+ltpl86k/4XBJhdVlCxX0Ho5SaunMwOVoTp0lvBzOmPNS/a49/r2kx8mtz7Vchbb/WwroB486tchCKHevOjYVXVnqfZKtLPZPUMTFMzoXDux8k4hRuEqZidO7/emyojonb/ELP+sjI273ZWU8Yh9zMV3IRboLB/dWfaliHsG1AoERTbEyZA2FilnIZayiYCem0o+My/7hHJS3bmI02dJdmk7mMZjAcH44kax0P9Fh7TjA4T2xLEl27juH79DSw+f+Rc= postegre@postegre-OptiPlex\nruncmd:\n  - 'echo \"ClientAliveInterval 60\" \u003e\u003e /etc/ssh/sshd_config \u0026\u0026 systemctl restart ssh'\n"
            },
            "metadata_options": [
              {
                "aws_v1_http_endpoint": 1,
                "aws_v1_http_token": 2,
                "gce_http_endpoint": 1,
                "gce_http_token": 1
              }
            ],
            "name": "bastion",
            "network_acceleration_type": "standard",
            "network_interface": [
              {
                "dns_record": [],
                "index": 0,
                "ip_address": "10.10.0.4",
                "ipv4": true,
                "ipv6": false,
                "ipv6_address": "",
                "ipv6_dns_record": [],
                "mac_address": "d0:0d:36:d8:e8:a1",
                "nat": true,
                "nat_dns_record": [],
                "nat_ip_address": "46.21.244.132",
                "nat_ip_version": "IPV4",
                "security_group_ids": [
                  "enpj3r5jigbvkvojeva0"
                ],
                "subnet_id": "e9bis1rro34ibkkdfaqm"
              }
            ],
            "placement_policy": [
              {
                "host_affinity_rules": [],
                "placement_group_id": "",
                "placement_group_partition": 0
              }
            ],
            "platform_id": "standard-v3",
            "resources": [
              {
                "core_fraction": 20,
                "cores": 2,
                "gpus": 0,
                "memory": 4
              }
            ],
            "scheduling_policy": [
              {
                "preemptible": true
              }
            ],
            "secondary_disk": [],
            "service_account_id": "",
            "status": "running",
            "timeouts": null,
            "zone": "ru-central1-a"
          },
          "sensitive_attributes": [],
          "identity_schema_version": 0,
          "private": "eyJlMmJmYjczMC1lY2FhLTExZTYtOGY4OC0zNDM2M2JjN2M0YzAiOnsiY3JlYXRlIjozMDAwMDAwMDAwMDAsImRlbGV0ZSI6MzAwMDAwMDAwMDAwLCJ1cGRhdGUiOjMwMDAwMDAwMDAwMH0sInNjaGVtYV92ZXJzaW9uIjoiMSJ9",
          "dependencies": [
            "data.yandex_compute_image.ubuntu2204",
            "yandex_vpc_network.vpc",
            "yandex_vpc_security_group.bastion_sg",
            "yandex_vpc_subnet.public_a"
          ]
        }
      ]
    },
    {
      "mode": "managed",
      "type": "yandex_compute_instance",
      "name": "elasticsearch",
      "provider": "provider[\"registry.terraform.io/yandex-cloud/yandex\"]",
      "instances": [
        {
          "schema_version": 1,
          "attributes": {
            "allow_recreate": null,
            "allow_stopping_for_update": null,
            "boot_disk": [
              {
                "auto_delete": true,
                "device_name": "fhm492ttigc4l94u45ge",
                "disk_id": "fhm492ttigc4l94u45ge",
                "initialize_params": [
                  {
                    "block_size": 4096,
                    "description": "",
                    "image_id": "fd8nvbpghp8digarm8qr",
                    "kms_key_id": "",
                    "name": "",
                    "size": 10,
                    "snapshot_id": "",
                    "type": "network-hdd"
                  }
                ],
                "mode": "READ_WRITE"
              }
            ],
            "created_at": "2025-09-08T11:25:03Z",
            "description": "",
            "filesystem": [],
            "folder_id": "b1g7915mu4cieqnspuet",
            "fqdn": "elasticsearch.ru-central1.internal",
            "gpu_cluster_id": "",
            "hardware_generation": [
              {
                "generation2_features": [],
                "legacy_features": [
                  {
                    "pci_topology": "PCI_TOPOLOGY_V2"
                  }
                ]
              }
            ],
            "hostname": "elasticsearch",
            "id": "fhmjgk7sc4stat7np4li",
            "labels": {
              "project": "yc-diploma"
            },
            "local_disk": [],
            "maintenance_grace_period": "",
            "maintenance_policy": null,
            "metadata": {
              "ssh-keys": "ubuntu:ssh-rsa AAAAB3NzaC1yc2EAAAADAQABAAABgQDfmIMd4uPnSNo3ko62MiCxW5UZQ//IX+DOU7WQXp4o62GINr+EgHE+IFwzh7L2nda4Ff8w8ad9DIGLK8Wb1OR062wMDgYHH1EbqVU9hirTYaJfwrIobmoCU+4dzymCXrv/3gs5sNWM3QFDXtmp8KR9etBp1rRneQDfjAwYttKjjXBXcptggjyxonZeCdvf/dE2YydaPXBBsR0+jGMzXa8hZLcM+jPFxs42+Z2sQlfY0KgMTeOD03cXqC5zSblb+ltpl86k/4XBJhdVlCxX0Ho5SaunMwOVoTp0lvBzOmPNS/a49/r2kx8mtz7Vchbb/WwroB486tchCKHevOjYVXVnqfZKtLPZPUMTFMzoXDux8k4hRuEqZidO7/emyojonb/ELP+sjI273ZWU8Yh9zMV3IRboLB/dWfaliHsG1AoERTbEyZA2FilnIZayiYCem0o+My/7hHJS3bmI02dJdmk7mMZjAcH44kax0P9Fh7TjA4T2xLEl27juH79DSw+f+Rc= postegre@postegre-OptiPlex"
            },
            "metadata_options": [
              {
                "aws_v1_http_endpoint": 1,
                "aws_v1_http_token": 2,
                "gce_http_endpoint": 1,
                "gce_http_token": 1
              }
            ],
            "name": "elasticsearch",
            "network_acceleration_type": "standard",
            "network_interface": [
              {
                "dns_record": [],
                "index": 0,
                "ip_address": "10.10.10.5",
                "ipv4": true,
                "ipv6": false,
                "ipv6_address": "",
                "ipv6_dns_record": [],
                "mac_address": "d0:0d:13:85:0f:c6",
                "nat": false,
                "nat_dns_record": [],
                "nat_ip_address": "",
                "nat_ip_version": "",
                "security_group_ids": [
                  "enpffknmkb075gfdum43"
                ],
                "subnet_id": "e9bc5v59b1ptl9jgugvh"
              }
            ],
            "placement_policy": [
              {
                "host_affinity_rules": [],
                "placement_group_id": "",
                "placement_group_partition": 0
              }
            ],
            "platform_id": "standard-v3",
            "resources": [
              {
                "core_fraction": 20,
                "cores": 2,
                "gpus": 0,
                "memory": 4
              }
            ],
            "scheduling_policy": [
              {
                "preemptible": true
              }
            ],
            "secondary_disk": [],
            "service_account_id": "",
            "status": "running",
            "timeouts": null,
            "zone": "ru-central1-a"
          },
          "sensitive_attributes": [],
          "identity_schema_version": 0,
          "private": "eyJlMmJmYjczMC1lY2FhLTExZTYtOGY4OC0zNDM2M2JjN2M0YzAiOnsiY3JlYXRlIjozMDAwMDAwMDAwMDAsImRlbGV0ZSI6MzAwMDAwMDAwMDAwLCJ1cGRhdGUiOjMwMDAwMDAwMDAwMH0sInNjaGVtYV92ZXJzaW9uIjoiMSJ9",
          "dependencies": [
            "data.yandex_compute_image.ubuntu2204",
            "yandex_vpc_gateway.nat",
            "yandex_vpc_network.vpc",
            "yandex_vpc_route_table.private_rt",
            "yandex_vpc_security_group.bastion_sg",
            "yandex_vpc_security_group.es_sg",
            "yandex_vpc_security_group.kibana_sg",
            "yandex_vpc_subnet.private_a"
          ]
        }
      ]
    },
    {
      "mode": "managed",
      "type": "yandex_compute_instance",
      "name": "kibana",
      "provider": "provider[\"registry.terraform.io/yandex-cloud/yandex\"]",
      "instances": [
        {
          "schema_version": 1,
          "attributes": {
            "allow_recreate": null,
            "allow_stopping_for_update": null,
            "boot_disk": [
              {
                "auto_delete": true,
                "device_name": "epd5fe66o4u9r3pm2bg2",
                "disk_id": "epd5fe66o4u9r3pm2bg2",
                "initialize_params": [
                  {
                    "block_size": 4096,
                    "description": "",
                    "image_id": "fd8nvbpghp8digarm8qr",
                    "kms_key_id": "",
                    "name": "",
                    "size": 10,
                    "snapshot_id": "",
                    "type": "network-hdd"
                  }
                ],
                "mode": "READ_WRITE"
              }
            ],
            "created_at": "2025-09-08T11:24:59Z",
            "description": "",
            "filesystem": [],
            "folder_id": "b1g7915mu4cieqnspuet",
            "fqdn": "kibana.ru-central1.internal",
            "gpu_cluster_id": "",
            "hardware_generation": [
              {
                "generation2_features": [],
                "legacy_features": [
                  {
                    "pci_topology": "PCI_TOPOLOGY_V2"
                  }
                ]
              }
            ],
            "hostname": "kibana",
            "id": "epd3p13dm9l5j2qesou5",
            "labels": {
              "project": "yc-diploma"
            },
            "local_disk": [],
            "maintenance_grace_period": "",
            "maintenance_policy": null,
            "metadata": {
              "ssh-keys": "ubuntu:ssh-rsa AAAAB3NzaC1yc2EAAAADAQABAAABgQDfmIMd4uPnSNo3ko62MiCxW5UZQ//IX+DOU7WQXp4o62GINr+EgHE+IFwzh7L2nda4Ff8w8ad9DIGLK8Wb1OR062wMDgYHH1EbqVU9hirTYaJfwrIobmoCU+4dzymCXrv/3gs5sNWM3QFDXtmp8KR9etBp1rRneQDfjAwYttKjjXBXcptggjyxonZeCdvf/dE2YydaPXBBsR0+jGMzXa8hZLcM+jPFxs42+Z2sQlfY0KgMTeOD03cXqC5zSblb+ltpl86k/4XBJhdVlCxX0Ho5SaunMwOVoTp0lvBzOmPNS/a49/r2kx8mtz7Vchbb/WwroB486tchCKHevOjYVXVnqfZKtLPZPUMTFMzoXDux8k4hRuEqZidO7/emyojonb/ELP+sjI273ZWU8Yh9zMV3IRboLB/dWfaliHsG1AoERTbEyZA2FilnIZayiYCem0o+My/7hHJS3bmI02dJdmk7mMZjAcH44kax0P9Fh7TjA4T2xLEl27juH79DSw+f+Rc= postegre@postegre-OptiPlex"
            },
            "metadata_options": [
              {
                "aws_v1_http_endpoint": 1,
                "aws_v1_http_token": 2,
                "gce_http_endpoint": 1,
                "gce_http_token": 1
              }
            ],
            "name": "kibana",
            "network_acceleration_type": "standard",
            "network_interface": [
              {
                "dns_record": [],
                "index": 0,
                "ip_address": "10.10.1.27",
                "ipv4": true,
                "ipv6": false,
                "ipv6_address": "",
                "ipv6_dns_record": [],
                "mac_address": "d0:0d:3c:84:6d:b2",
                "nat": true,
                "nat_dns_record": [],
                "nat_ip_address": "89.169.190.179",
                "nat_ip_version": "IPV4",
                "security_group_ids": [
                  "enpv649p9v6cmee4hh5h"
                ],
                "subnet_id": "e2l48kpp6tmk86a3iv3b"
              }
            ],
            "placement_policy": [
              {
                "host_affinity_rules": [],
                "placement_group_id": "",
                "placement_group_partition": 0
              }
            ],
            "platform_id": "standard-v3",
            "resources": [
              {
                "core_fraction": 20,
                "cores": 2,
                "gpus": 0,
                "memory": 4
              }
            ],
            "scheduling_policy": [
              {
                "preemptible": true
              }
            ],
            "secondary_disk": [],
            "service_account_id": "",
            "status": "running",
            "timeouts": null,
            "zone": "ru-central1-b"
          },
          "sensitive_attributes": [],
          "identity_schema_version": 0,
          "private": "eyJlMmJmYjczMC1lY2FhLTExZTYtOGY4OC0zNDM2M2JjN2M0YzAiOnsiY3JlYXRlIjozMDAwMDAwMDAwMDAsImRlbGV0ZSI6MzAwMDAwMDAwMDAwLCJ1cGRhdGUiOjMwMDAwMDAwMDAwMH0sInNjaGVtYV92ZXJzaW9uIjoiMSJ9",
          "dependencies": [
            "data.yandex_compute_image.ubuntu2204",
            "yandex_vpc_network.vpc",
            "yandex_vpc_security_group.kibana_sg",
            "yandex_vpc_subnet.public_b"
          ]
        }
      ]
    },
    {
      "mode": "managed",
      "type": "yandex_compute_instance",
      "name": "web_a",
      "provider": "provider[\"registry.terraform.io/yandex-cloud/yandex\"]",
      "instances": [
        {
          "schema_version": 1,
          "attributes": {
            "allow_recreate": null,
            "allow_stopping_for_update": null,
            "boot_disk": [
              {
                "auto_delete": true,
                "device_name": "fhmvejf0bon2b6tpmrkm",
                "disk_id": "fhmvejf0bon2b6tpmrkm",
                "initialize_params": [
                  {
                    "block_size": 4096,
                    "description": "",
                    "image_id": "fd8nvbpghp8digarm8qr",
                    "kms_key_id": "",
                    "name": "",
                    "size": 10,
                    "snapshot_id": "",
                    "type": "network-hdd"
                  }
                ],
                "mode": "READ_WRITE"
              }
            ],
            "created_at": "2025-09-08T11:24:51Z",
            "description": "",
            "filesystem": [],
            "folder_id": "b1g7915mu4cieqnspuet",
            "fqdn": "web-a.ru-central1.internal",
            "gpu_cluster_id": "",
            "hardware_generation": [
              {
                "generation2_features": [],
                "legacy_features": [
                  {
                    "pci_topology": "PCI_TOPOLOGY_V2"
                  }
                ]
              }
            ],
            "hostname": "web-a",
            "id": "fhmer5knrfs395thrqk3",
            "labels": {
              "project": "yc-diploma"
            },
            "local_disk": [],
            "maintenance_grace_period": "",
            "maintenance_policy": null,
            "metadata": {
              "ssh-keys": "ubuntu:ssh-rsa AAAAB3NzaC1yc2EAAAADAQABAAABgQDfmIMd4uPnSNo3ko62MiCxW5UZQ//IX+DOU7WQXp4o62GINr+EgHE+IFwzh7L2nda4Ff8w8ad9DIGLK8Wb1OR062wMDgYHH1EbqVU9hirTYaJfwrIobmoCU+4dzymCXrv/3gs5sNWM3QFDXtmp8KR9etBp1rRneQDfjAwYttKjjXBXcptggjyxonZeCdvf/dE2YydaPXBBsR0+jGMzXa8hZLcM+jPFxs42+Z2sQlfY0KgMTeOD03cXqC5zSblb+ltpl86k/4XBJhdVlCxX0Ho5SaunMwOVoTp0lvBzOmPNS/a49/r2kx8mtz7Vchbb/WwroB486tchCKHevOjYVXVnqfZKtLPZPUMTFMzoXDux8k4hRuEqZidO7/emyojonb/ELP+sjI273ZWU8Yh9zMV3IRboLB/dWfaliHsG1AoERTbEyZA2FilnIZayiYCem0o+My/7hHJS3bmI02dJdmk7mMZjAcH44kax0P9Fh7TjA4T2xLEl27juH79DSw+f+Rc= postegre@postegre-OptiPlex"
            },
            "metadata_options": [
              {
                "aws_v1_http_endpoint": 1,
                "aws_v1_http_token": 2,
                "gce_http_endpoint": 1,
                "gce_http_token": 1
              }
            ],
            "name": "web-a",
            "network_acceleration_type": "standard",
            "network_interface": [
              {
                "dns_record": [],
                "index": 0,
                "ip_address": "10.10.10.29",
                "ipv4": true,
                "ipv6": false,
                "ipv6_address": "",
                "ipv6_dns_record": [],
                "mac_address": "d0:0d:ed:96:97:db",
                "nat": false,
                "nat_dns_record": [],
                "nat_ip_address": "",
                "nat_ip_version": "",
                "security_group_ids": [
                  "enprhcs5ocrs8q086c8a"
                ],
                "subnet_id": "e9bc5v59b1ptl9jgugvh"
              }
            ],
            "placement_policy": [
              {
                "host_affinity_rules": [],
                "placement_group_id": "",
                "placement_group_partition": 0
              }
            ],
            "platform_id": "standard-v3",
            "resources": [
              {
                "core_fraction": 20,
                "cores": 2,
                "gpus": 0,
                "memory": 2
              }
            ],
            "scheduling_policy": [
              {
                "preemptible": true
              }
            ],
            "secondary_disk": [],
            "service_account_id": "",
            "status": "running",
            "timeouts": null,
            "zone": "ru-central1-a"
          },
          "sensitive_attributes": [],
          "identity_schema_version": 0,
          "private": "eyJlMmJmYjczMC1lY2FhLTExZTYtOGY4OC0zNDM2M2JjN2M0YzAiOnsiY3JlYXRlIjozMDAwMDAwMDAwMDAsImRlbGV0ZSI6MzAwMDAwMDAwMDAwLCJ1cGRhdGUiOjMwMDAwMDAwMDAwMH0sInNjaGVtYV92ZXJzaW9uIjoiMSJ9",
          "dependencies": [
            "data.yandex_compute_image.ubuntu2204",
            "yandex_vpc_gateway.nat",
            "yandex_vpc_network.vpc",
            "yandex_vpc_route_table.private_rt",
            "yandex_vpc_security_group.bastion_sg",
            "yandex_vpc_security_group.web_sg",
            "yandex_vpc_subnet.private_a"
          ]
        }
      ]
    },
    {
      "mode": "managed",
      "type": "yandex_compute_instance",
      "name": "web_b",
      "provider": "provider[\"registry.terraform.io/yandex-cloud/yandex\"]",
      "instances": [
        {
          "schema_version": 1,
          "attributes": {
            "allow_recreate": null,
            "allow_stopping_for_update": null,
            "boot_disk": [
              {
                "auto_delete": true,
                "device_name": "epd6g2sv2l6s0rsc22cf",
                "disk_id": "epd6g2sv2l6s0rsc22cf",
                "initialize_params": [
                  {
                    "block_size": 4096,
                    "description": "",
                    "image_id": "fd8nvbpghp8digarm8qr",
                    "kms_key_id": "",
                    "name": "",
                    "size": 10,
                    "snapshot_id": "",
                    "type": "network-hdd"
                  }
                ],
                "mode": "READ_WRITE"
              }
            ],
            "created_at": "2025-09-08T11:24:51Z",
            "description": "",
            "filesystem": [],
            "folder_id": "b1g7915mu4cieqnspuet",
            "fqdn": "web-b.ru-central1.internal",
            "gpu_cluster_id": "",
            "hardware_generation": [
              {
                "generation2_features": [],
                "legacy_features": [
                  {
                    "pci_topology": "PCI_TOPOLOGY_V2"
                  }
                ]
              }
            ],
            "hostname": "web-b",
            "id": "epdcfs0qdm107ftts98c",
            "labels": {
              "project": "yc-diploma"
            },
            "local_disk": [],
            "maintenance_grace_period": "",
            "maintenance_policy": null,
            "metadata": {
              "ssh-keys": "ubuntu:ssh-rsa AAAAB3NzaC1yc2EAAAADAQABAAABgQDfmIMd4uPnSNo3ko62MiCxW5UZQ//IX+DOU7WQXp4o62GINr+EgHE+IFwzh7L2nda4Ff8w8ad9DIGLK8Wb1OR062wMDgYHH1EbqVU9hirTYaJfwrIobmoCU+4dzymCXrv/3gs5sNWM3QFDXtmp8KR9etBp1rRneQDfjAwYttKjjXBXcptggjyxonZeCdvf/dE2YydaPXBBsR0+jGMzXa8hZLcM+jPFxs42+Z2sQlfY0KgMTeOD03cXqC5zSblb+ltpl86k/4XBJhdVlCxX0Ho5SaunMwOVoTp0lvBzOmPNS/a49/r2kx8mtz7Vchbb/WwroB486tchCKHevOjYVXVnqfZKtLPZPUMTFMzoXDux8k4hRuEqZidO7/emyojonb/ELP+sjI273ZWU8Yh9zMV3IRboLB/dWfaliHsG1AoERTbEyZA2FilnIZayiYCem0o+My/7hHJS3bmI02dJdmk7mMZjAcH44kax0P9Fh7TjA4T2xLEl27juH79DSw+f+Rc= postegre@postegre-OptiPlex"
            },
            "metadata_options": [
              {
                "aws_v1_http_endpoint": 1,
                "aws_v1_http_token": 2,
                "gce_http_endpoint": 1,
                "gce_http_token": 1
              }
            ],
            "name": "web-b",
            "network_acceleration_type": "standard",
            "network_interface": [
              {
                "dns_record": [],
                "index": 0,
                "ip_address": "10.10.11.27",
                "ipv4": true,
                "ipv6": false,
                "ipv6_address": "",
                "ipv6_dns_record": [],
                "mac_address": "d0:0d:c7:f0:1a:6d",
                "nat": false,
                "nat_dns_record": [],
                "nat_ip_address": "",
                "nat_ip_version": "",
                "security_group_ids": [
                  "enprhcs5ocrs8q086c8a"
                ],
                "subnet_id": "e2l5ku05on4074bus9fh"
              }
            ],
            "placement_policy": [
              {
                "host_affinity_rules": [],
                "placement_group_id": "",
                "placement_group_partition": 0
              }
            ],
            "platform_id": "standard-v3",
            "resources": [
              {
                "core_fraction": 20,
                "cores": 2,
                "gpus": 0,
                "memory": 2
              }
            ],
            "scheduling_policy": [
              {
                "preemptible": true
              }
            ],
            "secondary_disk": [],
            "service_account_id": "",
            "status": "running",
            "timeouts": null,
            "zone": "ru-central1-b"
          },
          "sensitive_attributes": [],
          "identity_schema_version": 0,
          "private": "eyJlMmJmYjczMC1lY2FhLTExZTYtOGY4OC0zNDM2M2JjN2M0YzAiOnsiY3JlYXRlIjozMDAwMDAwMDAwMDAsImRlbGV0ZSI6MzAwMDAwMDAwMDAwLCJ1cGRhdGUiOjMwMDAwMDAwMDAwMH0sInNjaGVtYV92ZXJzaW9uIjoiMSJ9",
          "dependencies": [
            "data.yandex_compute_image.ubuntu2204",
            "yandex_vpc_gateway.nat",
            "yandex_vpc_network.vpc",
            "yandex_vpc_route_table.private_rt",
            "yandex_vpc_security_group.bastion_sg",
            "yandex_vpc_security_group.web_sg",
            "yandex_vpc_subnet.private_b"
          ]
        }
      ]
    },
    {
      "mode": "managed",
      "type": "yandex_compute_instance",
      "name": "zabbix",
      "provider": "provider[\"registry.terraform.io/yandex-cloud/yandex\"]",
      "instances": [
        {
          "schema_version": 1,
          "attributes": {
            "allow_recreate": null,
            "allow_stopping_for_update": null,
            "boot_disk": [
              {
                "auto_delete": true,
                "device_name": "fhm3id6peeta1qrou271",
                "disk_id": "fhm3id6peeta1qrou271",
                "initialize_params": [
                  {
                    "block_size": 4096,
                    "description": "",
                    "image_id": "fd8nvbpghp8digarm8qr",
                    "kms_key_id": "",
                    "name": "",
                    "size": 10,
                    "snapshot_id": "",
                    "type": "network-hdd"
                  }
                ],
                "mode": "READ_WRITE"
              }
            ],
            "created_at": "2025-09-08T11:24:49Z",
            "description": "",
            "filesystem": [],
            "folder_id": "b1g7915mu4cieqnspuet",
            "fqdn": "zabbix.ru-central1.internal",
            "gpu_cluster_id": "",
            "hardware_generation": [
              {
                "generation2_features": [],
                "legacy_features": [
                  {
                    "pci_topology": "PCI_TOPOLOGY_V2"
                  }
                ]
              }
            ],
            "hostname": "zabbix",
            "id": "fhmvn6p5vct0svpb00d3",
            "labels": {
              "project": "yc-diploma"
            },
            "local_disk": [],
            "maintenance_grace_period": "",
            "maintenance_policy": null,
            "metadata": {
              "ssh-keys": "ubuntu:ssh-rsa AAAAB3NzaC1yc2EAAAADAQABAAABgQDfmIMd4uPnSNo3ko62MiCxW5UZQ//IX+DOU7WQXp4o62GINr+EgHE+IFwzh7L2nda4Ff8w8ad9DIGLK8Wb1OR062wMDgYHH1EbqVU9hirTYaJfwrIobmoCU+4dzymCXrv/3gs5sNWM3QFDXtmp8KR9etBp1rRneQDfjAwYttKjjXBXcptggjyxonZeCdvf/dE2YydaPXBBsR0+jGMzXa8hZLcM+jPFxs42+Z2sQlfY0KgMTeOD03cXqC5zSblb+ltpl86k/4XBJhdVlCxX0Ho5SaunMwOVoTp0lvBzOmPNS/a49/r2kx8mtz7Vchbb/WwroB486tchCKHevOjYVXVnqfZKtLPZPUMTFMzoXDux8k4hRuEqZidO7/emyojonb/ELP+sjI273ZWU8Yh9zMV3IRboLB/dWfaliHsG1AoERTbEyZA2FilnIZayiYCem0o+My/7hHJS3bmI02dJdmk7mMZjAcH44kax0P9Fh7TjA4T2xLEl27juH79DSw+f+Rc= postegre@postegre-OptiPlex"
            },
            "metadata_options": [
              {
                "aws_v1_http_endpoint": 1,
                "aws_v1_http_token": 2,
                "gce_http_endpoint": 1,
                "gce_http_token": 1
              }
            ],
            "name": "zabbix",
            "network_acceleration_type": "standard",
            "network_interface": [
              {
                "dns_record": [],
                "index": 0,
                "ip_address": "10.10.0.24",
                "ipv4": true,
                "ipv6": false,
                "ipv6_address": "",
                "ipv6_dns_record": [],
                "mac_address": "d0:0d:1f:b9:b2:5f",
                "nat": true,
                "nat_dns_record": [],
                "nat_ip_address": "89.169.136.222",
                "nat_ip_version": "IPV4",
                "security_group_ids": [
                  "enpf2ritv0ipktmlc2d0"
                ],
                "subnet_id": "e9bis1rro34ibkkdfaqm"
              }
            ],
            "placement_policy": [
              {
                "host_affinity_rules": [],
                "placement_group_id": "",
                "placement_group_partition": 0
              }
            ],
            "platform_id": "standard-v3",
            "resources": [
              {
                "core_fraction": 20,
                "cores": 2,
                "gpus": 0,
                "memory": 4
              }
            ],
            "scheduling_policy": [
              {
                "preemptible": true
              }
            ],
            "secondary_disk": [],
            "service_account_id": "",
            "status": "running",
            "timeouts": null,
            "zone": "ru-central1-a"
          },
          "sensitive_attributes": [],
          "identity_schema_version": 0,
          "private": "eyJlMmJmYjczMC1lY2FhLTExZTYtOGY4OC0zNDM2M2JjN2M0YzAiOnsiY3JlYXRlIjozMDAwMDAwMDAwMDAsImRlbGV0ZSI6MzAwMDAwMDAwMDAwLCJ1cGRhdGUiOjMwMDAwMDAwMDAwMH0sInNjaGVtYV92ZXJzaW9uIjoiMSJ9",
          "dependencies": [
            "data.yandex_compute_image.ubuntu2204",
            "yandex_vpc_network.vpc",
            "yandex_vpc_security_group.zabbix_sg",
            "yandex_vpc_subnet.public_a"
          ]
        }
      ]
    },
    {
      "mode": "managed",
      "type": "yandex_compute_snapshot_schedule",
      "name": "daily",
      "provider": "provider[\"registry.terraform.io/yandex-cloud/yandex\"]",
      "instances": [
        {
          "schema_version": 0,
          "attributes": {
            "created_at": "2025-09-07T12:42:17Z",
            "description": "",
            "disk_ids": [
              "epd5fe66o4u9r3pm2bg2",
              "epd6g2sv2l6s0rsc22cf",
              "fhm1mrmlpgkle0ae5gp3",
              "fhm3id6peeta1qrou271",
              "fhm492ttigc4l94u45ge",
              "fhmvejf0bon2b6tpmrkm"
            ],
            "folder_id": "b1g7915mu4cieqnspuet",
            "id": "fd881iin85fv80ci149i",
            "labels": {},
            "name": "yc-diploma-daily-schedule",
            "retention_period": "168h0m0s",
            "schedule_policy": [
              {
                "expression": "0 0 * * *",
                "start_at": "1970-01-01T00:00:00Z"
              }
            ],
            "snapshot_count": 0,
            "snapshot_spec": [
              {
                "description": "Daily snapshot",
                "labels": {
                  "project": "yc-diploma"
                }
              }
            ],
            "status": "active",
            "timeouts": null
          },
          "sensitive_attributes": [],
          "identity_schema_version": 0,
          "private": "eyJlMmJmYjczMC1lY2FhLTExZTYtOGY4OC0zNDM2M2JjN2M0YzAiOnsiY3JlYXRlIjozMDAwMDAwMDAwMDAsImRlbGV0ZSI6MzAwMDAwMDAwMDAwLCJ1cGRhdGUiOjMwMDAwMDAwMDAwMH19",
          "dependencies": [
            "data.yandex_compute_image.ubuntu2204",
            "yandex_compute_instance.bastion",
            "yandex_compute_instance.elasticsearch",
            "yandex_compute_instance.kibana",
            "yandex_compute_instance.web_a",
            "yandex_compute_instance.web_b",
            "yandex_compute_instance.zabbix",
            "yandex_vpc_gateway.nat",
            "yandex_vpc_network.vpc",
            "yandex_vpc_route_table.private_rt",
            "yandex_vpc_security_group.bastion_sg",
            "yandex_vpc_security_group.es_sg",
            "yandex_vpc_security_group.kibana_sg",
            "yandex_vpc_security_group.web_sg",
            "yandex_vpc_security_group.zabbix_sg",
            "yandex_vpc_subnet.private_a",
            "yandex_vpc_subnet.private_b",
            "yandex_vpc_subnet.public_a",
            "yandex_vpc_subnet.public_b"
          ]
        }
      ]
    },
    {
      "mode": "managed",
      "type": "yandex_vpc_gateway",
      "name": "nat",
      "provider": "provider[\"registry.terraform.io/yandex-cloud/yandex\"]",
      "instances": [
        {
          "schema_version": 0,
          "attributes": {
            "created_at": "2025-09-07T10:54:03Z",
            "description": "",
            "folder_id": "b1g7915mu4cieqnspuet",
            "id": "enpkq1bafq4r64s8i775",
            "labels": {},
            "name": "yc-diploma-nat",
            "shared_egress_gateway": [
              {}
            ],
            "timeouts": null
          },
          "sensitive_attributes": [],
          "identity_schema_version": 0,
          "private": "eyJlMmJmYjczMC1lY2FhLTExZTYtOGY4OC0zNDM2M2JjN2M0YzAiOnsiY3JlYXRlIjo2MDAwMDAwMDAwMCwiZGVsZXRlIjo2MDAwMDAwMDAwMCwidXBkYXRlIjo2MDAwMDAwMDAwMH19"
        }
      ]
    },
    {
      "mode": "managed",
      "type": "yandex_vpc_network",
      "name": "vpc",
      "provider": "provider[\"registry.terraform.io/yandex-cloud/yandex\"]",
      "instances": [
        {
          "index_key": 0,
          "schema_version": 0,
          "attributes": {
            "created_at": "2025-09-07T12:41:00Z",
            "default_security_group_id": "enp1tvnid8hhk5ruh1p2",
            "description": "",
            "folder_id": "b1g7915mu4cieqnspuet",
            "id": "enpqpd0iiejv66ps8luv",
            "labels": {
              "project": "yc-diploma"
            },
            "name": "yc-diploma-vpc",
            "subnet_ids": [
              "e2l48kpp6tmk86a3iv3b",
              "e2l5ku05on4074bus9fh",
              "e9bc5v59b1ptl9jgugvh",
              "e9bis1rro34ibkkdfaqm"
            ],
            "timeouts": null
          },
          "sensitive_attributes": [],
          "identity_schema_version": 0,
          "private": "eyJlMmJmYjczMC1lY2FhLTExZTYtOGY4OC0zNDM2M2JjN2M0YzAiOnsiY3JlYXRlIjo2MDAwMDAwMDAwMCwiZGVsZXRlIjo2MDAwMDAwMDAwMCwidXBkYXRlIjo2MDAwMDAwMDAwMH19"
        }
      ]
    },
    {
      "mode": "managed",
      "type": "yandex_vpc_route_table",
      "name": "private_rt",
      "provider": "provider[\"registry.terraform.io/yandex-cloud/yandex\"]",
      "instances": [
        {
          "schema_version": 0,
          "attributes": {
            "created_at": "2025-09-07T12:41:04Z",
            "description": "",
            "folder_id": "b1g7915mu4cieqnspuet",
            "id": "enplo4utc68nv6bfikoa",
            "labels": {},
            "name": "yc-diploma-private-rt",
            "network_id": "enpqpd0iiejv66ps8luv",
            "static_route": [
              {
                "destination_prefix": "0.0.0.0/0",
                "gateway_id": "enpkq1bafq4r64s8i775",
                "next_hop_address": ""
              }
            ],
            "timeouts": null
          },
          "sensitive_attributes": [],
          "identity_schema_version": 0,
          "private": "eyJlMmJmYjczMC1lY2FhLTExZTYtOGY4OC0zNDM2M2JjN2M0YzAiOnsiY3JlYXRlIjoxODAwMDAwMDAwMDAsImRlbGV0ZSI6MTgwMDAwMDAwMDAwLCJ1cGRhdGUiOjE4MDAwMDAwMDAwMH19",
          "dependencies": [
            "yandex_vpc_gateway.nat",
            "yandex_vpc_network.vpc"
          ]
        }
      ]
    },
    {
      "mode": "managed",
      "type": "yandex_vpc_security_group",
      "name": "alb_sg",
      "provider": "provider[\"registry.terraform.io/yandex-cloud/yandex\"]",
      "instances": [
        {
          "schema_version": 0,
          "attributes": {
            "created_at": "2025-09-07T12:41:10Z",
            "description": "",
            "egress": [
              {
                "description": "",
                "from_port": -1,
                "id": "enpoi3j1ia02pqbd0kpc",
                "labels": {},
                "port": -1,
                "predefined_target": "",
                "protocol": "ANY",
                "security_group_id": "",
                "to_port": -1,
                "v4_cidr_blocks": [
                  "0.0.0.0/0"
                ],
                "v6_cidr_blocks": []
              }
            ],
            "folder_id": "b1g7915mu4cieqnspuet",
            "id": "enpmbl2rb11jk53gds0k",
            "ingress": [
              {
                "description": "",
                "from_port": -1,
                "id": "enpaqp7s7i3n16185oel",
                "labels": {},
                "port": -1,
                "predefined_target": "loadbalancer_healthchecks",
                "protocol": "ANY",
                "security_group_id": "",
                "to_port": -1,
                "v4_cidr_blocks": [],
                "v6_cidr_blocks": []
              },
              {
                "description": "HTTP public",
                "from_port": -1,
                "id": "enptmrtl4qtkk4t41sle",
                "labels": {},
                "port": 80,
                "predefined_target": "",
                "protocol": "TCP",
                "security_group_id": "",
                "to_port": -1,
                "v4_cidr_blocks": [
                  "0.0.0.0/0"
                ],
                "v6_cidr_blocks": []
              }
            ],
            "labels": {},
            "name": "yc-diploma-alb-sg",
            "network_id": "enpqpd0iiejv66ps8luv",
            "status": "ACTIVE",
            "timeouts": null
          },
          "sensitive_attributes": [],
          "identity_schema_version": 0,
          "private": "eyJlMmJmYjczMC1lY2FhLTExZTYtOGY4OC0zNDM2M2JjN2M0YzAiOnsiY3JlYXRlIjoxODAwMDAwMDAwMDAsImRlbGV0ZSI6MTgwMDAwMDAwMDAwLCJ1cGRhdGUiOjE4MDAwMDAwMDAwMH19",
          "dependencies": [
            "yandex_vpc_network.vpc"
          ]
        }
      ]
    },
    {
      "mode": "managed",
      "type": "yandex_vpc_security_group",
      "name": "bastion_sg",
      "provider": "provider[\"registry.terraform.io/yandex-cloud/yandex\"]",
      "instances": [
        {
          "schema_version": 0,
          "attributes": {
            "created_at": "2025-09-07T12:41:12Z",
            "description": "Allow SSH in; all egress",
            "egress": [
              {
                "description": "",
                "from_port": -1,
                "id": "enpv8ssfb078trgjncsr",
                "labels": {},
                "port": -1,
                "predefined_target": "",
                "protocol": "ANY",
                "security_group_id": "",
                "to_port": -1,
                "v4_cidr_blocks": [
                  "0.0.0.0/0"
                ],
                "v6_cidr_blocks": []
              }
            ],
            "folder_id": "b1g7915mu4cieqnspuet",
            "id": "enpj3r5jigbvkvojeva0",
            "ingress": [
              {
                "description": "SSH",
                "from_port": -1,
                "id": "enpqssaueb50rn5bhknh",
                "labels": {},
                "port": 22,
                "predefined_target": "",
                "protocol": "TCP",
                "security_group_id": "",
                "to_port": -1,
                "v4_cidr_blocks": [
                  "0.0.0.0/0"
                ],
                "v6_cidr_blocks": []
              }
            ],
            "labels": {},
            "name": "yc-diploma-bastion-sg",
            "network_id": "enpqpd0iiejv66ps8luv",
            "status": "ACTIVE",
            "timeouts": null
          },
          "sensitive_attributes": [],
          "identity_schema_version": 0,
          "private": "eyJlMmJmYjczMC1lY2FhLTExZTYtOGY4OC0zNDM2M2JjN2M0YzAiOnsiY3JlYXRlIjoxODAwMDAwMDAwMDAsImRlbGV0ZSI6MTgwMDAwMDAwMDAwLCJ1cGRhdGUiOjE4MDAwMDAwMDAwMH19",
          "dependencies": [
            "yandex_vpc_network.vpc"
          ]
        }
      ]
    },
    {
      "mode": "managed",
      "type": "yandex_vpc_security_group",
      "name": "es_sg",
      "provider": "provider[\"registry.terraform.io/yandex-cloud/yandex\"]",
      "instances": [
        {
          "schema_version": 0,
          "attributes": {
            "created_at": "2025-09-07T12:41:24Z",
            "description": "",
            "egress": [
              {
                "description": "",
                "from_port": -1,
                "id": "enpr6atb0n7f6ers4scv",
                "labels": {},
                "port": -1,
                "predefined_target": "",
                "protocol": "ANY",
                "security_group_id": "",
                "to_port": -1,
                "v4_cidr_blocks": [
                  "0.0.0.0/0"
                ],
                "v6_cidr_blocks": []
              }
            ],
            "folder_id": "b1g7915mu4cieqnspuet",
            "id": "enpffknmkb075gfdum43",
            "ingress": [
              {
                "description": "Beats 5044 (if used)",
                "from_port": -1,
                "id": "enpkde8fd4m5fqnhhogt",
                "labels": {},
                "port": 5044,
                "predefined_target": "",
                "protocol": "TCP",
                "security_group_id": "",
                "to_port": -1,
                "v4_cidr_blocks": [
                  "10.10.0.0/16"
                ],
                "v6_cidr_blocks": []
              },
              {
                "description": "ES HTTP 9200 from Bastion",
                "from_port": -1,
                "id": "enpno788gtla8nvkd3gi",
                "labels": {},
                "port": 9200,
                "predefined_target": "",
                "protocol": "TCP",
                "security_group_id": "enpj3r5jigbvkvojeva0",
                "to_port": -1,
                "v4_cidr_blocks": [],
                "v6_cidr_blocks": []
              },
              {
                "description": "ES HTTP 9200 from Kibana",
                "from_port": -1,
                "id": "enpndtc2rfrpngp2iclu",
                "labels": {},
                "port": 9200,
                "predefined_target": "",
                "protocol": "TCP",
                "security_group_id": "enpv649p9v6cmee4hh5h",
                "to_port": -1,
                "v4_cidr_blocks": [],
                "v6_cidr_blocks": []
              },
              {
                "description": "SSH from bastion",
                "from_port": -1,
                "id": "enpkhrfs2u9vcvh1g2rd",
                "labels": {},
                "port": 22,
                "predefined_target": "",
                "protocol": "TCP",
                "security_group_id": "enpj3r5jigbvkvojeva0",
                "to_port": -1,
                "v4_cidr_blocks": [],
                "v6_cidr_blocks": []
              }
            ],
            "labels": {},
            "name": "yc-diploma-es-sg",
            "network_id": "enpqpd0iiejv66ps8luv",
            "status": "ACTIVE",
            "timeouts": null
          },
          "sensitive_attributes": [],
          "identity_schema_version": 0,
          "private": "eyJlMmJmYjczMC1lY2FhLTExZTYtOGY4OC0zNDM2M2JjN2M0YzAiOnsiY3JlYXRlIjoxODAwMDAwMDAwMDAsImRlbGV0ZSI6MTgwMDAwMDAwMDAwLCJ1cGRhdGUiOjE4MDAwMDAwMDAwMH19",
          "dependencies": [
            "yandex_vpc_network.vpc",
            "yandex_vpc_security_group.bastion_sg",
            "yandex_vpc_security_group.kibana_sg"
          ]
        }
      ]
    },
    {
      "mode": "managed",
      "type": "yandex_vpc_security_group",
      "name": "kibana_sg",
      "provider": "provider[\"registry.terraform.io/yandex-cloud/yandex\"]",
      "instances": [
        {
          "schema_version": 0,
          "attributes": {
            "created_at": "2025-09-07T12:41:05Z",
            "description": "",
            "egress": [
              {
                "description": "",
                "from_port": -1,
                "id": "enpep1dd1mv95dabniuq",
                "labels": {},
                "port": -1,
                "predefined_target": "",
                "protocol": "ANY",
                "security_group_id": "",
                "to_port": -1,
                "v4_cidr_blocks": [
                  "0.0.0.0/0"
                ],
                "v6_cidr_blocks": []
              }
            ],
            "folder_id": "b1g7915mu4cieqnspuet",
            "id": "enpv649p9v6cmee4hh5h",
            "ingress": [
              {
                "description": "",
                "from_port": -1,
                "id": "enpf9gt9u45l1htg61up",
                "labels": {},
                "port": 5601,
                "predefined_target": "",
                "protocol": "TCP",
                "security_group_id": "",
                "to_port": -1,
                "v4_cidr_blocks": [
                  "0.0.0.0/0"
                ],
                "v6_cidr_blocks": []
              },
              {
                "description": "",
                "from_port": -1,
                "id": "enpnciki0u70c9s6g56f",
                "labels": {},
                "port": 22,
                "predefined_target": "",
                "protocol": "TCP",
                "security_group_id": "",
                "to_port": -1,
                "v4_cidr_blocks": [
                  "0.0.0.0/0"
                ],
                "v6_cidr_blocks": []
              }
            ],
            "labels": {},
            "name": "yc-diploma-kibana-sg",
            "network_id": "enpqpd0iiejv66ps8luv",
            "status": "ACTIVE",
            "timeouts": null
          },
          "sensitive_attributes": [],
          "identity_schema_version": 0,
          "private": "eyJlMmJmYjczMC1lY2FhLTExZTYtOGY4OC0zNDM2M2JjN2M0YzAiOnsiY3JlYXRlIjoxODAwMDAwMDAwMDAsImRlbGV0ZSI6MTgwMDAwMDAwMDAwLCJ1cGRhdGUiOjE4MDAwMDAwMDAwMH19",
          "dependencies": [
            "yandex_vpc_network.vpc"
          ]
        }
      ]
    },
    {
      "mode": "managed",
      "type": "yandex_vpc_security_group",
      "name": "web_sg",
      "provider": "provider[\"registry.terraform.io/yandex-cloud/yandex\"]",
      "instances": [
        {
          "schema_version": 0,
          "attributes": {
            "created_at": "2025-09-07T12:41:28Z",
            "description": "Web HTTP + SSH from bastion + Zabbix passive 10050 from Zabbix subnet",
            "egress": [
              {
                "description": "",
                "from_port": -1,
                "id": "enp0viojpj6c1djmcf7b",
                "labels": {},
                "port": -1,
                "predefined_target": "",
                "protocol": "ANY",
                "security_group_id": "",
                "to_port": -1,
                "v4_cidr_blocks": [
                  "0.0.0.0/0"
                ],
                "v6_cidr_blocks": []
              }
            ],
            "folder_id": "b1g7915mu4cieqnspuet",
            "id": "enprhcs5ocrs8q086c8a",
            "ingress": [
              {
                "description": "HTTP",
                "from_port": -1,
                "id": "enp99ruud1iv88putkve",
                "labels": {},
                "port": 80,
                "predefined_target": "",
                "protocol": "TCP",
                "security_group_id": "",
                "to_port": -1,
                "v4_cidr_blocks": [
                  "0.0.0.0/0"
                ],
                "v6_cidr_blocks": []
              },
              {
                "description": "SSH from bastion",
                "from_port": -1,
                "id": "enp3bbb058hh87us1uri",
                "labels": {},
                "port": 22,
                "predefined_target": "",
                "protocol": "TCP",
                "security_group_id": "enpj3r5jigbvkvojeva0",
                "to_port": -1,
                "v4_cidr_blocks": [],
                "v6_cidr_blocks": []
              },
              {
                "description": "Zabbix server -\u003e web:10050 (passive checks, zabbix_get)",
                "from_port": -1,
                "id": "enpop9ucs1bhfvurpq37",
                "labels": {},
                "port": 10050,
                "predefined_target": "",
                "protocol": "TCP",
                "security_group_id": "",
                "to_port": -1,
                "v4_cidr_blocks": [
                  "10.10.0.0/24"
                ],
                "v6_cidr_blocks": []
              }
            ],
            "labels": {},
            "name": "yc-diploma-web-sg",
            "network_id": "enpqpd0iiejv66ps8luv",
            "status": "ACTIVE",
            "timeouts": null
          },
          "sensitive_attributes": [],
          "identity_schema_version": 0,
          "private": "eyJlMmJmYjczMC1lY2FhLTExZTYtOGY4OC0zNDM2M2JjN2M0YzAiOnsiY3JlYXRlIjoxODAwMDAwMDAwMDAsImRlbGV0ZSI6MTgwMDAwMDAwMDAwLCJ1cGRhdGUiOjE4MDAwMDAwMDAwMH19",
          "dependencies": [
            "yandex_vpc_network.vpc",
            "yandex_vpc_security_group.bastion_sg"
          ]
        }
      ]
    },
    {
      "mode": "managed",
      "type": "yandex_vpc_security_group",
      "name": "zabbix_sg",
      "provider": "provider[\"registry.terraform.io/yandex-cloud/yandex\"]",
      "instances": [
        {
          "schema_version": 0,
          "attributes": {
            "created_at": "2025-09-07T12:41:07Z",
            "description": "",
            "egress": [
              {
                "description": "",
                "from_port": -1,
                "id": "enpld088lt4ulcb76co4",
                "labels": {},
                "port": -1,
                "predefined_target": "",
                "protocol": "ANY",
                "security_group_id": "",
                "to_port": -1,
                "v4_cidr_blocks": [
                  "0.0.0.0/0"
                ],
                "v6_cidr_blocks": []
              }
            ],
            "folder_id": "b1g7915mu4cieqnspuet",
            "id": "enpf2ritv0ipktmlc2d0",
            "ingress": [
              {
                "description": "HTTP UI",
                "from_port": -1,
                "id": "enp2bjcf6e1moj6ap1od",
                "labels": {},
                "port": 80,
                "predefined_target": "",
                "protocol": "TCP",
                "security_group_id": "",
                "to_port": -1,
                "v4_cidr_blocks": [
                  "0.0.0.0/0"
                ],
                "v6_cidr_blocks": []
              },
              {
                "description": "SSH",
                "from_port": -1,
                "id": "enpuvkt2j6j53rjmegna",
                "labels": {},
                "port": 22,
                "predefined_target": "",
                "protocol": "TCP",
                "security_group_id": "",
                "to_port": -1,
                "v4_cidr_blocks": [
                  "0.0.0.0/0"
                ],
                "v6_cidr_blocks": []
              },
              {
                "description": "web -\u003e zabbix:10051 (active checks)",
                "from_port": -1,
                "id": "enpjgodcgfsdqmsp3hg3",
                "labels": {},
                "port": 10051,
                "predefined_target": "",
                "protocol": "TCP",
                "security_group_id": "",
                "to_port": -1,
                "v4_cidr_blocks": [
                  "10.10.0.0/24",
                  "10.10.1.0/24",
                  "10.10.10.0/24",
                  "10.10.11.0/24"
                ],
                "v6_cidr_blocks": []
              }
            ],
            "labels": {},
            "name": "yc-diploma-zabbix-sg",
            "network_id": "enpqpd0iiejv66ps8luv",
            "status": "ACTIVE",
            "timeouts": null
          },
          "sensitive_attributes": [],
          "identity_schema_version": 0,
          "private": "eyJlMmJmYjczMC1lY2FhLTExZTYtOGY4OC0zNDM2M2JjN2M0YzAiOnsiY3JlYXRlIjoxODAwMDAwMDAwMDAsImRlbGV0ZSI6MTgwMDAwMDAwMDAwLCJ1cGRhdGUiOjE4MDAwMDAwMDAwMH19",
          "dependencies": [
            "yandex_vpc_network.vpc"
          ]
        }
      ]
    },
    {
      "mode": "managed",
      "type": "yandex_vpc_subnet",
      "name": "private_a",
      "provider": "provider[\"registry.terraform.io/yandex-cloud/yandex\"]",
      "instances": [
        {
          "schema_version": 0,
          "attributes": {
            "created_at": "2025-09-07T12:41:06Z",
            "description": "",
            "dhcp_options": [],
            "folder_id": "b1g7915mu4cieqnspuet",
            "id": "e9bc5v59b1ptl9jgugvh",
            "labels": {},
            "name": "yc-diploma-private-a",
            "network_id": "enpqpd0iiejv66ps8luv",
            "route_table_id": "enplo4utc68nv6bfikoa",
            "timeouts": null,
            "v4_cidr_blocks": [
              "10.10.10.0/24"
            ],
            "v6_cidr_blocks": [],
            "zone": "ru-central1-a"
          },
          "sensitive_attributes": [],
          "identity_schema_version": 0,
          "private": "eyJlMmJmYjczMC1lY2FhLTExZTYtOGY4OC0zNDM2M2JjN2M0YzAiOnsiY3JlYXRlIjoxODAwMDAwMDAwMDAsImRlbGV0ZSI6MTgwMDAwMDAwMDAwLCJ1cGRhdGUiOjE4MDAwMDAwMDAwMH19",
          "dependencies": [
            "yandex_vpc_gateway.nat",
            "yandex_vpc_network.vpc",
            "yandex_vpc_route_table.private_rt"
          ]
        }
      ]
    },
    {
      "mode": "managed",
      "type": "yandex_vpc_subnet",
      "name": "private_b",
      "provider": "provider[\"registry.terraform.io/yandex-cloud/yandex\"]",
      "instances": [
        {
          "schema_version": 0,
          "attributes": {
            "created_at": "2025-09-07T12:41:05Z",
            "description": "",
            "dhcp_options": [],
            "folder_id": "b1g7915mu4cieqnspuet",
            "id": "e2l5ku05on4074bus9fh",
            "labels": {},
            "name": "yc-diploma-private-b",
            "network_id": "enpqpd0iiejv66ps8luv",
            "route_table_id": "enplo4utc68nv6bfikoa",
            "timeouts": null,
            "v4_cidr_blocks": [
              "10.10.11.0/24"
            ],
            "v6_cidr_blocks": [],
            "zone": "ru-central1-b"
          },
          "sensitive_attributes": [],
          "identity_schema_version": 0,
          "private": "eyJlMmJmYjczMC1lY2FhLTExZTYtOGY4OC0zNDM2M2JjN2M0YzAiOnsiY3JlYXRlIjoxODAwMDAwMDAwMDAsImRlbGV0ZSI6MTgwMDAwMDAwMDAwLCJ1cGRhdGUiOjE4MDAwMDAwMDAwMH19",
          "dependencies": [
            "yandex_vpc_gateway.nat",
            "yandex_vpc_network.vpc",
            "yandex_vpc_route_table.private_rt"
          ]
        }
      ]
    },
    {
      "mode": "managed",
      "type": "yandex_vpc_subnet",
      "name": "public_a",
      "provider": "provider[\"registry.terraform.io/yandex-cloud/yandex\"]",
      "instances": [
        {
          "schema_version": 0,
          "attributes": {
            "created_at": "2025-09-07T12:41:03Z",
            "description": "",
            "dhcp_options": [],
            "folder_id": "b1g7915mu4cieqnspuet",
            "id": "e9bis1rro34ibkkdfaqm",
            "labels": {},
            "name": "yc-diploma-public-a",
            "network_id": "enpqpd0iiejv66ps8luv",
            "route_table_id": "",
            "timeouts": null,
            "v4_cidr_blocks": [
              "10.10.0.0/24"
            ],
            "v6_cidr_blocks": [],
            "zone": "ru-central1-a"
          },
          "sensitive_attributes": [],
          "identity_schema_version": 0,
          "private": "eyJlMmJmYjczMC1lY2FhLTExZTYtOGY4OC0zNDM2M2JjN2M0YzAiOnsiY3JlYXRlIjoxODAwMDAwMDAwMDAsImRlbGV0ZSI6MTgwMDAwMDAwMDAwLCJ1cGRhdGUiOjE4MDAwMDAwMDAwMH19",
          "dependencies": [
            "yandex_vpc_network.vpc"
          ]
        }
      ]
    },
    {
      "mode": "managed",
      "type": "yandex_vpc_subnet",
      "name": "public_b",
      "provider": "provider[\"registry.terraform.io/yandex-cloud/yandex\"]",
      "instances": [
        {
          "schema_version": 0,
          "attributes": {
            "created_at": "2025-09-07T12:41:03Z",
            "description": "",
            "dhcp_options": [],
            "folder_id": "b1g7915mu4cieqnspuet",
            "id": "e2l48kpp6tmk86a3iv3b",
            "labels": {},
            "name": "yc-diploma-public-b",
            "network_id": "enpqpd0iiejv66ps8luv",
            "route_table_id": "",
            "timeouts": null,
            "v4_cidr_blocks": [
              "10.10.1.0/24"
            ],
            "v6_cidr_blocks": [],
            "zone": "ru-central1-b"
          },
          "sensitive_attributes": [],
          "identity_schema_version": 0,
          "private": "eyJlMmJmYjczMC1lY2FhLTExZTYtOGY4OC0zNDM2M2JjN2M0YzAiOnsiY3JlYXRlIjoxODAwMDAwMDAwMDAsImRlbGV0ZSI6MTgwMDAwMDAwMDAwLCJ1cGRhdGUiOjE4MDAwMDAwMDAwMH19",
          "dependencies": [
            "yandex_vpc_network.vpc"
          ]
        }
      ]
    }
  ],
  "check_results": null
}
